// !$*UTF8*$!
{
	archiveVersion = 1;
	classes = {
	};
	objectVersion = 60;
	objects = {

/* Begin PBXBuildFile section */
		6299DAD52B02DC0700C11987 /* main.cpp in Sources */ = {isa = PBXBuildFile; fileRef = 6299DAD42B02DC0700C11987 /* main.cpp */; };
		6299DADD2B02DFB000C11987 /* libvulkan.1.dylib in Frameworks */ = {isa = PBXBuildFile; fileRef = 6299DADC2B02DFB000C11987 /* libvulkan.1.dylib */; };
		6299DADF2B02DFD100C11987 /* libvulkan.1.3.268.dylib in Frameworks */ = {isa = PBXBuildFile; fileRef = 6299DADE2B02DFD100C11987 /* libvulkan.1.3.268.dylib */; };
		6299DAE12B02E01D00C11987 /* libvulkan.1.dylib in CopyFiles */ = {isa = PBXBuildFile; fileRef = 6299DAE02B02E01D00C11987 /* libvulkan.1.dylib */; settings = {ATTRIBUTES = (CodeSignOnCopy, ); }; };
		6299DAE32B02E04500C11987 /* libvulkan.1.3.268.dylib in CopyFiles */ = {isa = PBXBuildFile; fileRef = 6299DAE22B02E04500C11987 /* libvulkan.1.3.268.dylib */; settings = {ATTRIBUTES = (CodeSignOnCopy, ); }; };
		6299DAF12B02F16B00C11987 /* libSDL2-2.0.0.dylib in Frameworks */ = {isa = PBXBuildFile; fileRef = 6299DAF02B02F16B00C11987 /* libSDL2-2.0.0.dylib */; };
		6299DAF32B02F17B00C11987 /* libSDL2-2.0.0.dylib in CopyFiles */ = {isa = PBXBuildFile; fileRef = 6299DAF22B02F17B00C11987 /* libSDL2-2.0.0.dylib */; settings = {ATTRIBUTES = (CodeSignOnCopy, ); }; };
		62EAE7002B041F5C00879344 /* VulkanRenderer.cpp in Sources */ = {isa = PBXBuildFile; fileRef = 62EAE6FE2B041F5C00879344 /* VulkanRenderer.cpp */; };
/* End PBXBuildFile section */

/* Begin PBXCopyFilesBuildPhase section */
		6299DACF2B02DC0700C11987 /* CopyFiles */ = {
			isa = PBXCopyFilesBuildPhase;
			buildActionMask = 12;
			dstPath = "";
			dstSubfolderSpec = 10;
			files = (
				6299DAE12B02E01D00C11987 /* libvulkan.1.dylib in CopyFiles */,
				6299DAE32B02E04500C11987 /* libvulkan.1.3.268.dylib in CopyFiles */,
				6299DAF32B02F17B00C11987 /* libSDL2-2.0.0.dylib in CopyFiles */,
			);
			runOnlyForDeploymentPostprocessing = 0;
		};
/* End PBXCopyFilesBuildPhase section */

/* Begin PBXFileReference section */
		6299DAD12B02DC0700C11987 /* vkREngine */ = {isa = PBXFileReference; explicitFileType = "compiled.mach-o.executable"; includeInIndex = 0; path = vkREngine; sourceTree = BUILT_PRODUCTS_DIR; };
		6299DAD42B02DC0700C11987 /* main.cpp */ = {isa = PBXFileReference; lastKnownFileType = sourcecode.cpp.cpp; path = main.cpp; sourceTree = "<group>"; };
		6299DADC2B02DFB000C11987 /* libvulkan.1.dylib */ = {isa = PBXFileReference; lastKnownFileType = "compiled.mach-o.dylib"; name = libvulkan.1.dylib; path = ../../VulkanSDK/1.3.268.1/macOS/lib/libvulkan.1.dylib; sourceTree = "<group>"; };
		6299DADE2B02DFD100C11987 /* libvulkan.1.3.268.dylib */ = {isa = PBXFileReference; lastKnownFileType = "compiled.mach-o.dylib"; name = libvulkan.1.3.268.dylib; path = ../../VulkanSDK/1.3.268.1/macOS/lib/libvulkan.1.3.268.dylib; sourceTree = "<group>"; };
		6299DAE02B02E01D00C11987 /* libvulkan.1.dylib */ = {isa = PBXFileReference; lastKnownFileType = "compiled.mach-o.dylib"; name = libvulkan.1.dylib; path = ../../VulkanSDK/1.3.268.1/macOS/lib/libvulkan.1.dylib; sourceTree = "<group>"; };
		6299DAE22B02E04500C11987 /* libvulkan.1.3.268.dylib */ = {isa = PBXFileReference; lastKnownFileType = "compiled.mach-o.dylib"; name = libvulkan.1.3.268.dylib; path = ../../VulkanSDK/1.3.268.1/macOS/lib/libvulkan.1.3.268.dylib; sourceTree = "<group>"; };
		6299DAE42B02E3AE00C11987 /* libSDL2-2.0.dylib */ = {isa = PBXFileReference; lastKnownFileType = "compiled.mach-o.dylib"; name = "libSDL2-2.0.dylib"; path = "../../VulkanSDK/1.3.268.1/macOS/lib/libSDL2-2.0.dylib"; sourceTree = "<group>"; };
		6299DAE82B02E91B00C11987 /* lib */ = {isa = PBXFileReference; lastKnownFileType = folder; name = lib; path = ../../VulkanSDK/1.3.268.1/macOS/lib; sourceTree = "<group>"; };
		6299DAF02B02F16B00C11987 /* libSDL2-2.0.0.dylib */ = {isa = PBXFileReference; lastKnownFileType = "compiled.mach-o.dylib"; name = "libSDL2-2.0.0.dylib"; path = "../../../../usr/local/lib/libSDL2-2.0.0.dylib"; sourceTree = "<group>"; };
		6299DAF22B02F17B00C11987 /* libSDL2-2.0.0.dylib */ = {isa = PBXFileReference; lastKnownFileType = "compiled.mach-o.dylib"; name = "libSDL2-2.0.0.dylib"; path = "../../../../usr/local/lib/libSDL2-2.0.0.dylib"; sourceTree = "<group>"; };
		62EAE6FE2B041F5C00879344 /* VulkanRenderer.cpp */ = {isa = PBXFileReference; lastKnownFileType = sourcecode.cpp.cpp; path = VulkanRenderer.cpp; sourceTree = "<group>"; };
		62EAE6FF2B041F5C00879344 /* VulkanRenderer.h */ = {isa = PBXFileReference; lastKnownFileType = sourcecode.c.h; path = VulkanRenderer.h; sourceTree = "<group>"; };
/* End PBXFileReference section */

/* Begin PBXFrameworksBuildPhase section */
		6299DACE2B02DC0700C11987 /* Frameworks */ = {
			isa = PBXFrameworksBuildPhase;
			buildActionMask = 2147483647;
			files = (
				6299DADD2B02DFB000C11987 /* libvulkan.1.dylib in Frameworks */,
				6299DADF2B02DFD100C11987 /* libvulkan.1.3.268.dylib in Frameworks */,
				6299DAF12B02F16B00C11987 /* libSDL2-2.0.0.dylib in Frameworks */,
			);
			runOnlyForDeploymentPostprocessing = 0;
		};
/* End PBXFrameworksBuildPhase section */

/* Begin PBXGroup section */
		6299DAC82B02DC0700C11987 = {
			isa = PBXGroup;
			children = (
				6299DAF22B02F17B00C11987 /* libSDL2-2.0.0.dylib */,
				6299DAE22B02E04500C11987 /* libvulkan.1.3.268.dylib */,
				6299DAE02B02E01D00C11987 /* libvulkan.1.dylib */,
				6299DAD32B02DC0700C11987 /* vkREngine */,
				6299DAD22B02DC0700C11987 /* Products */,
				6299DADB2B02DFB000C11987 /* Frameworks */,
			);
			sourceTree = "<group>";
		};
		6299DAD22B02DC0700C11987 /* Products */ = {
			isa = PBXGroup;
			children = (
				6299DAD12B02DC0700C11987 /* vkREngine */,
			);
			name = Products;
			sourceTree = "<group>";
		};
		6299DAD32B02DC0700C11987 /* vkREngine */ = {
			isa = PBXGroup;
			children = (
				6299DAD42B02DC0700C11987 /* main.cpp */,
				62EAE6FE2B041F5C00879344 /* VulkanRenderer.cpp */,
				62EAE6FF2B041F5C00879344 /* VulkanRenderer.h */,
			);
			path = vkREngine;
			sourceTree = "<group>";
		};
		6299DADB2B02DFB000C11987 /* Frameworks */ = {
			isa = PBXGroup;
			children = (
				6299DAF02B02F16B00C11987 /* libSDL2-2.0.0.dylib */,
				6299DAE82B02E91B00C11987 /* lib */,
				6299DAE42B02E3AE00C11987 /* libSDL2-2.0.dylib */,
				6299DADE2B02DFD100C11987 /* libvulkan.1.3.268.dylib */,
				6299DADC2B02DFB000C11987 /* libvulkan.1.dylib */,
			);
			name = Frameworks;
			sourceTree = "<group>";
		};
/* End PBXGroup section */

/* Begin PBXNativeTarget section */
		6299DAD02B02DC0700C11987 /* vkREngine */ = {
			isa = PBXNativeTarget;
			buildConfigurationList = 6299DAD82B02DC0700C11987 /* Build configuration list for PBXNativeTarget "vkREngine" */;
			buildPhases = (
				6299DACD2B02DC0700C11987 /* Sources */,
				6299DACE2B02DC0700C11987 /* Frameworks */,
				6299DACF2B02DC0700C11987 /* CopyFiles */,
			);
			buildRules = (
			);
			dependencies = (
			);
			name = vkREngine;
			productName = VulkanTest;
			productReference = 6299DAD12B02DC0700C11987 /* vkREngine */;
			productType = "com.apple.product-type.tool";
		};
/* End PBXNativeTarget section */

/* Begin PBXProject section */
		6299DAC92B02DC0700C11987 /* Project object */ = {
			isa = PBXProject;
			attributes = {
				BuildIndependentTargetsInParallel = 1;
				LastUpgradeCheck = 1500;
				TargetAttributes = {
					6299DAD02B02DC0700C11987 = {
						CreatedOnToolsVersion = 15.0.1;
					};
				};
			};
			buildConfigurationList = 6299DACC2B02DC0700C11987 /* Build configuration list for PBXProject "vkREngine" */;
			compatibilityVersion = "Xcode 15.0";
			developmentRegion = en;
			hasScannedForEncodings = 0;
			knownRegions = (
				en,
				Base,
			);
			mainGroup = 6299DAC82B02DC0700C11987;
			productRefGroup = 6299DAD22B02DC0700C11987 /* Products */;
			projectDirPath = "";
			projectRoot = "";
			targets = (
				6299DAD02B02DC0700C11987 /* vkREngine */,
			);
		};
/* End PBXProject section */

/* Begin PBXSourcesBuildPhase section */
		6299DACD2B02DC0700C11987 /* Sources */ = {
			isa = PBXSourcesBuildPhase;
			buildActionMask = 2147483647;
			files = (
				6299DAD52B02DC0700C11987 /* main.cpp in Sources */,
				62EAE7002B041F5C00879344 /* VulkanRenderer.cpp in Sources */,
			);
			runOnlyForDeploymentPostprocessing = 0;
		};
/* End PBXSourcesBuildPhase section */

/* Begin XCBuildConfiguration section */
		6299DAD62B02DC0700C11987 /* Debug */ = {
			isa = XCBuildConfiguration;
			buildSettings = {
				ALWAYS_SEARCH_USER_PATHS = NO;
				ASSETCATALOG_COMPILER_GENERATE_SWIFT_ASSET_SYMBOL_EXTENSIONS = YES;
				CLANG_ANALYZER_NONNULL = YES;
				CLANG_ANALYZER_NUMBER_OBJECT_CONVERSION = YES_AGGRESSIVE;
				CLANG_CXX_LANGUAGE_STANDARD = "gnu++20";
				CLANG_ENABLE_MODULES = YES;
				CLANG_ENABLE_OBJC_ARC = YES;
				CLANG_ENABLE_OBJC_WEAK = YES;
				CLANG_WARN_BLOCK_CAPTURE_AUTORELEASING = YES;
				CLANG_WARN_BOOL_CONVERSION = YES;
				CLANG_WARN_COMMA = YES;
				CLANG_WARN_CONSTANT_CONVERSION = YES;
				CLANG_WARN_DEPRECATED_OBJC_IMPLEMENTATIONS = YES;
				CLANG_WARN_DIRECT_OBJC_ISA_USAGE = YES_ERROR;
				CLANG_WARN_DOCUMENTATION_COMMENTS = YES;
				CLANG_WARN_EMPTY_BODY = YES;
				CLANG_WARN_ENUM_CONVERSION = YES;
				CLANG_WARN_INFINITE_RECURSION = YES;
				CLANG_WARN_INT_CONVERSION = YES;
				CLANG_WARN_NON_LITERAL_NULL_CONVERSION = YES;
				CLANG_WARN_OBJC_IMPLICIT_RETAIN_SELF = YES;
				CLANG_WARN_OBJC_LITERAL_CONVERSION = YES;
				CLANG_WARN_OBJC_ROOT_CLASS = YES_ERROR;
				CLANG_WARN_QUOTED_INCLUDE_IN_FRAMEWORK_HEADER = YES;
				CLANG_WARN_RANGE_LOOP_ANALYSIS = YES;
				CLANG_WARN_STRICT_PROTOTYPES = YES;
				CLANG_WARN_SUSPICIOUS_MOVE = YES;
				CLANG_WARN_UNGUARDED_AVAILABILITY = YES_AGGRESSIVE;
				CLANG_WARN_UNREACHABLE_CODE = YES;
				CLANG_WARN__DUPLICATE_METHOD_MATCH = YES;
				COPY_PHASE_STRIP = NO;
				DEBUG_INFORMATION_FORMAT = dwarf;
				ENABLE_STRICT_OBJC_MSGSEND = YES;
				ENABLE_TESTABILITY = YES;
				ENABLE_USER_SCRIPT_SANDBOXING = YES;
				GCC_C_LANGUAGE_STANDARD = gnu17;
				GCC_DYNAMIC_NO_PIC = NO;
				GCC_NO_COMMON_BLOCKS = YES;
				GCC_OPTIMIZATION_LEVEL = 0;
				GCC_PREPROCESSOR_DEFINITIONS = (
					"DEBUG=1",
					"$(inherited)",
				);
				GCC_WARN_64_TO_32_BIT_CONVERSION = YES;
				GCC_WARN_ABOUT_RETURN_TYPE = YES_ERROR;
				GCC_WARN_UNDECLARED_SELECTOR = YES;
				GCC_WARN_UNINITIALIZED_AUTOS = YES_AGGRESSIVE;
				GCC_WARN_UNUSED_FUNCTION = YES;
				GCC_WARN_UNUSED_VARIABLE = YES;
				HEADER_SEARCH_PATHS = /Users/msamigurpinar/VulkanSDK/1.3.268.1/macOS/include/;
				LIBRARY_SEARCH_PATHS = (
					/Users/msamigurpinar/VulkanSDK/1.3.268.1/macOS/lib/,
					/usr/local/lib/,
				);
				LOCALIZATION_PREFERS_STRING_CATALOGS = YES;
				MACOSX_DEPLOYMENT_TARGET = 14.0;
				MTL_ENABLE_DEBUG_INFO = INCLUDE_SOURCE;
				MTL_FAST_MATH = YES;
				ONLY_ACTIVE_ARCH = YES;
				SDKROOT = macosx;
			};
			name = Debug;
		};
		6299DAD72B02DC0700C11987 /* Release */ = {
			isa = XCBuildConfiguration;
			buildSettings = {
				ALWAYS_SEARCH_USER_PATHS = NO;
				ASSETCATALOG_COMPILER_GENERATE_SWIFT_ASSET_SYMBOL_EXTENSIONS = YES;
				CLANG_ANALYZER_NONNULL = YES;
				CLANG_ANALYZER_NUMBER_OBJECT_CONVERSION = YES_AGGRESSIVE;
				CLANG_CXX_LANGUAGE_STANDARD = "gnu++20";
				CLANG_ENABLE_MODULES = YES;
				CLANG_ENABLE_OBJC_ARC = YES;
				CLANG_ENABLE_OBJC_WEAK = YES;
				CLANG_WARN_BLOCK_CAPTURE_AUTORELEASING = YES;
				CLANG_WARN_BOOL_CONVERSION = YES;
				CLANG_WARN_COMMA = YES;
				CLANG_WARN_CONSTANT_CONVERSION = YES;
				CLANG_WARN_DEPRECATED_OBJC_IMPLEMENTATIONS = YES;
				CLANG_WARN_DIRECT_OBJC_ISA_USAGE = YES_ERROR;
				CLANG_WARN_DOCUMENTATION_COMMENTS = YES;
				CLANG_WARN_EMPTY_BODY = YES;
				CLANG_WARN_ENUM_CONVERSION = YES;
				CLANG_WARN_INFINITE_RECURSION = YES;
				CLANG_WARN_INT_CONVERSION = YES;
				CLANG_WARN_NON_LITERAL_NULL_CONVERSION = YES;
				CLANG_WARN_OBJC_IMPLICIT_RETAIN_SELF = YES;
				CLANG_WARN_OBJC_LITERAL_CONVERSION = YES;
				CLANG_WARN_OBJC_ROOT_CLASS = YES_ERROR;
				CLANG_WARN_QUOTED_INCLUDE_IN_FRAMEWORK_HEADER = YES;
				CLANG_WARN_RANGE_LOOP_ANALYSIS = YES;
				CLANG_WARN_STRICT_PROTOTYPES = YES;
				CLANG_WARN_SUSPICIOUS_MOVE = YES;
				CLANG_WARN_UNGUARDED_AVAILABILITY = YES_AGGRESSIVE;
				CLANG_WARN_UNREACHABLE_CODE = YES;
				CLANG_WARN__DUPLICATE_METHOD_MATCH = YES;
				COPY_PHASE_STRIP = NO;
				DEBUG_INFORMATION_FORMAT = "dwarf-with-dsym";
				ENABLE_NS_ASSERTIONS = NO;
				ENABLE_STRICT_OBJC_MSGSEND = YES;
				ENABLE_USER_SCRIPT_SANDBOXING = YES;
				GCC_C_LANGUAGE_STANDARD = gnu17;
				GCC_NO_COMMON_BLOCKS = YES;
				GCC_WARN_64_TO_32_BIT_CONVERSION = YES;
				GCC_WARN_ABOUT_RETURN_TYPE = YES_ERROR;
				GCC_WARN_UNDECLARED_SELECTOR = YES;
				GCC_WARN_UNINITIALIZED_AUTOS = YES_AGGRESSIVE;
				GCC_WARN_UNUSED_FUNCTION = YES;
				GCC_WARN_UNUSED_VARIABLE = YES;
				HEADER_SEARCH_PATHS = /Users/msamigurpinar/VulkanSDK/1.3.268.1/macOS/include/;
				LIBRARY_SEARCH_PATHS = (
					/Users/msamigurpinar/VulkanSDK/1.3.268.1/macOS/lib/,
					/usr/local/lib/,
				);
				LOCALIZATION_PREFERS_STRING_CATALOGS = YES;
				MACOSX_DEPLOYMENT_TARGET = 14.0;
				MTL_ENABLE_DEBUG_INFO = NO;
				MTL_FAST_MATH = YES;
				SDKROOT = macosx;
			};
			name = Release;
		};
		6299DAD92B02DC0700C11987 /* Debug */ = {
			isa = XCBuildConfiguration;
			buildSettings = {
				CODE_SIGN_STYLE = Automatic;
				PRODUCT_NAME = "$(TARGET_NAME)";
			};
			name = Debug;
		};
		6299DADA2B02DC0700C11987 /* Release */ = {
			isa = XCBuildConfiguration;
			buildSettings = {
				CODE_SIGN_STYLE = Automatic;
				PRODUCT_NAME = "$(TARGET_NAME)";
			};
			name = Release;
		};
/* End XCBuildConfiguration section */

/* Begin XCConfigurationList section */
		6299DACC2B02DC0700C11987 /* Build configuration list for PBXProject "vkREngine" */ = {
			isa = XCConfigurationList;
			buildConfigurations = (
				6299DAD62B02DC0700C11987 /* Debug */,
				6299DAD72B02DC0700C11987 /* Release */,
			);
			defaultConfigurationIsVisible = 0;
			defaultConfigurationName = Release;
		};
		6299DAD82B02DC0700C11987 /* Build configuration list for PBXNativeTarget "vkREngine" */ = {
			isa = XCConfigurationList;
			buildConfigurations = (
				6299DAD92B02DC0700C11987 /* Debug */,
				6299DADA2B02DC0700C11987 /* Release */,
			);
			defaultConfigurationIsVisible = 0;
			defaultConfigurationName = Release;
		};
/* End XCConfigurationList section */
	};
	rootObject = 6299DAC92B02DC0700C11987 /* Project object */;
}
